schema: '2.0'
stages:
  load_data:
    cmd: python src\load_data.py --config=params.yaml
    deps:
    - path: data_given/WineQT.csv
      md5: ea843ab075933c4003af8d36cc8082f0
      size: 61290
    - path: src/get_data.py
      md5: 02093608f13041fb074ffd78f04c92e4
      size: 719
    - path: src/load_data.py
      md5: 0d5a941034eed3cc6894ccdd4cbd0fcc
      size: 691
    outs:
    - path: data/raw/WineQT.csv
      md5: 6d2ea9b697406e9c36b97e265790b672
      size: 66886
  split_data:
    cmd: python src/split_data.py --config=params.yaml
    deps:
    - path: data/raw/WineQT.csv
      md5: 6d2ea9b697406e9c36b97e265790b672
      size: 66886
    - path: src/split_data.py
      md5: 85a3cc19596dbbf90162642115c60acc
      size: 1092
    outs:
    - path: data/processed/test_WineQT.csv
      md5: 20f0ecf4eadfab77a08e355d6b4c6f58
      size: 13538
    - path: data/processed/train_WineQT.csv
      md5: b62cda1a9bc07e8017ef46e3f9c68a82
      size: 53495
  train_and_evaluate:
    cmd: python src/train_and_evaluate.py --config=params.yaml
    deps:
    - path: data/processed/test_WineQT.csv
      md5: 20f0ecf4eadfab77a08e355d6b4c6f58
      size: 13538
    - path: data/processed/train_WineQT.csv
      md5: b62cda1a9bc07e8017ef46e3f9c68a82
      size: 53495
    - path: src/train_and_evaluate.py
      md5: bfcea7416270c8a6b45ea2e378624d71
      size: 2657
    params:
      params.yaml:
        estimators.ElasticNet.params.alpha: 0.9
        estimators.ElasticNet.params.l1_ratio: 0.4
    outs:
    - path: report/params.json
      md5: a4aab0167612f21a6085dd05cfafdbf6
      size: 44
    - path: report/scores.json
      md5: 86d02ae246ab8156df8347df4d9e84f3
      size: 98
    - path: saved_models/model.joblib
      md5: 5145a5564ca0af52476aa89ef2eb7857
      size: 1215
